# This file is automatically @generated by Cargo.
# It is not intended for manual editing.
[[package]]
name = "mini_rparsec"
version = "0.1.0"
source = "git+https://github.com/shika-blyat/mini_parsec#d6af4fb5e8131b525e992d30e4a5cc904910e0cf"

[[package]]
name = "pgenerator"
version = "0.1.0"
dependencies = [
 "mini_rparsec",
]
